
Microsoft Visual Studio Solution File, Format Version 12.00
# Visual Studio 15
VisualStudioVersion = 15.0.28307.438
MinimumVisualStudioVersion = 10.0.40219.1
Project("{9A19103F-16F7-4668-BE54-9A1E7A4F7556}") = "consoleWebApi", "consoleWebApi.csproj", "{08D20B77-3695-4B17-B162-B8BC0EC45261}"
EndProject
Global
	GlobalSection(SolutionConfigurationPlatforms) = preSolution
		Debug|Any CPU = Debug|Any CPU
		Release|Any CPU = Release|Any CPU
	EndGlobalSection
	GlobalSection(ProjectConfigurationPlatforms) = postSolution
		{08D20B77-3695-4B17-B162-B8BC0EC45261}.Debug|Any CPU.ActiveCfg = Debug|Any CPU
		{08D20B77-3695-4B17-B162-B8BC0EC45261}.Debug|Any CPU.Build.0 = Debug|Any CPU
		{08D20B77-3695-4B17-B162-B8BC0EC45261}.Release|Any CPU.ActiveCfg = Release|Any CPU
		{08D20B77-3695-4B17-B162-B8BC0EC45261}.Release|Any CPU.Build.0 = Release|Any CPU
	EndGlobalSection
	GlobalSection(SolutionProperties) = preSolution
		HideSolutionNode = FALSE
	EndGlobalSection
	GlobalSection(ExtensibilityGlobals) = postSolution
		SolutionGuid = {5C847FF2-A8D6-464D-A37B-DB6EFC4B3FC8}
	EndGlobalSection
EndGlobal
